// !$*UTF8*$!
{
	archiveVersion = 1;
	classes = {
	};
	objectVersion = 46;
	objects = {

/* Begin PBXBuildFile section */
		3E2A1CDD199C541B00EA94BD /* SimpleTestClass.cpp in Sources */ = {isa = PBXBuildFile; fileRef = 3E2A1CDB199C541B00EA94BD /* SimpleTestClass.cpp */; };
		3E2A1CDE199C541B00EA94BD /* SimpleTestEntry.cpp in Sources */ = {isa = PBXBuildFile; fileRef = 3E2A1CDC199C541B00EA94BD /* SimpleTestEntry.cpp */; };
		3E63844919BD5C2F003DFFE6 /* libprotobuf.dylib in Frameworks */ = {isa = PBXBuildFile; fileRef = 3E63844819BD5C2F003DFFE6 /* libprotobuf.dylib */; };
		3EE9817F19A458E000C79A4F /* libPlatform.a in Frameworks */ = {isa = PBXBuildFile; fileRef = 3EE9817E19A458E000C79A4F /* libPlatform.a */; };
/* End PBXBuildFile section */

/* Begin PBXFileReference section */
		3E2A1CCA199C519600EA94BD /* libSimpleTestExtension.dylib */ = {isa = PBXFileReference; explicitFileType = "compiled.mach-o.dylib"; includeInIndex = 0; path = libSimpleTestExtension.dylib; sourceTree = BUILT_PRODUCTS_DIR; };
		3E2A1CDB199C541B00EA94BD /* SimpleTestClass.cpp */ = {isa = PBXFileReference; fileEncoding = 4; lastKnownFileType = sourcecode.cpp.cpp; path = SimpleTestClass.cpp; sourceTree = "<group>"; };
		3E2A1CDC199C541B00EA94BD /* SimpleTestEntry.cpp */ = {isa = PBXFileReference; fileEncoding = 4; lastKnownFileType = sourcecode.cpp.cpp; path = SimpleTestEntry.cpp; sourceTree = "<group>"; };
		3E63844819BD5C2F003DFFE6 /* libprotobuf.dylib */ = {isa = PBXFileReference; lastKnownFileType = "compiled.mach-o.dylib"; name = libprotobuf.dylib; path = ../../../../../../../../opt/local/lib/libprotobuf.dylib; sourceTree = "<group>"; };
		3EE9817E19A458E000C79A4F /* libPlatform.a */ = {isa = PBXFileReference; lastKnownFileType = archive.ar; name = libPlatform.a; path = "../../../../../../Library/Developer/Xcode/DerivedData/MuddledManaged-fhcntcbsdobvamdjdfrjukhvkkge/Build/Products/Debug/libPlatform.a"; sourceTree = "<group>"; };
		3EF78A4019C4FF9F00976ADA /* SimpleTestClass.h */ = {isa = PBXFileReference; lastKnownFileType = sourcecode.c.h; path = SimpleTestClass.h; sourceTree = "<group>"; };
		3EF78A4119C4FF9F00976ADA /* SimpleTestEntry.h */ = {isa = PBXFileReference; lastKnownFileType = sourcecode.c.h; path = SimpleTestEntry.h; sourceTree = "<group>"; };
/* End PBXFileReference section */

/* Begin PBXFrameworksBuildPhase section */
		3E2A1CC7199C519600EA94BD /* Frameworks */ = {
			isa = PBXFrameworksBuildPhase;
			buildActionMask = 2147483647;
			files = (
				3EE9817F19A458E000C79A4F /* libPlatform.a in Frameworks */,
				3E63844919BD5C2F003DFFE6 /* libprotobuf.dylib in Frameworks */,
			);
			runOnlyForDeploymentPostprocessing = 0;
		};
/* End PBXFrameworksBuildPhase section */

/* Begin PBXGroup section */
		3E2A1CC1199C519600EA94BD = {
			isa = PBXGroup;
			children = (
				3E63844819BD5C2F003DFFE6 /* libprotobuf.dylib */,
				3EE9817E19A458E000C79A4F /* libPlatform.a */,
				3E2A1CD8199C53BC00EA94BD /* SimpleTestExtension */,
				3E2A1CCB199C519600EA94BD /* Products */,
			);
			sourceTree = "<group>";
		};
		3E2A1CCB199C519600EA94BD /* Products */ = {
			isa = PBXGroup;
			children = (
				3E2A1CCA199C519600EA94BD /* libSimpleTestExtension.dylib */,
			);
			name = Products;
			sourceTree = "<group>";
		};
		3E2A1CD8199C53BC00EA94BD /* SimpleTestExtension */ = {
			isa = PBXGroup;
			children = (
				3EF78A4019C4FF9F00976ADA /* SimpleTestClass.h */,
				3EF78A4119C4FF9F00976ADA /* SimpleTestEntry.h */,
				3E2A1CDB199C541B00EA94BD /* SimpleTestClass.cpp */,
				3E2A1CDC199C541B00EA94BD /* SimpleTestEntry.cpp */,
			);
			path = SimpleTestExtension;
			sourceTree = "<group>";
		};
/* End PBXGroup section */

/* Begin PBXHeadersBuildPhase section */
		3E2A1CC8199C519600EA94BD /* Headers */ = {
			isa = PBXHeadersBuildPhase;
			buildActionMask = 2147483647;
			files = (
			);
			runOnlyForDeploymentPostprocessing = 0;
		};
/* End PBXHeadersBuildPhase section */

/* Begin PBXNativeTarget section */
		3E2A1CC9199C519600EA94BD /* SimpleTestExtension */ = {
			isa = PBXNativeTarget;
			buildConfigurationList = 3E2A1CCE199C519600EA94BD /* Build configuration list for PBXNativeTarget "SimpleTestExtension" */;
			buildPhases = (
				3E2A1CC6199C519600EA94BD /* Sources */,
				3E2A1CC7199C519600EA94BD /* Frameworks */,
				3E2A1CC8199C519600EA94BD /* Headers */,
			);
			buildRules = (
			);
			dependencies = (
			);
			name = SimpleTestExtension;
			productName = SimpleTestExtension;
			productReference = 3E2A1CCA199C519600EA94BD /* libSimpleTestExtension.dylib */;
			productType = "com.apple.product-type.library.dynamic";
		};
/* End PBXNativeTarget section */

/* Begin PBXProject section */
		3E2A1CC2199C519600EA94BD /* Project object */ = {
			isa = PBXProject;
			attributes = {
				LastUpgradeCheck = 0510;
				ORGANIZATIONNAME = MuddledManaged;
			};
			buildConfigurationList = 3E2A1CC5199C519600EA94BD /* Build configuration list for PBXProject "SimpleTestExtension" */;
			compatibilityVersion = "Xcode 3.2";
			developmentRegion = English;
			hasScannedForEncodings = 0;
			knownRegions = (
				en,
			);
			mainGroup = 3E2A1CC1199C519600EA94BD;
			productRefGroup = 3E2A1CCB199C519600EA94BD /* Products */;
			projectDirPath = "";
			projectRoot = "";
			targets = (
				3E2A1CC9199C519600EA94BD /* SimpleTestExtension */,
			);
		};
/* End PBXProject section */

/* Begin PBXSourcesBuildPhase section */
		3E2A1CC6199C519600EA94BD /* Sources */ = {
			isa = PBXSourcesBuildPhase;
			buildActionMask = 2147483647;
			files = (
				3E2A1CDE199C541B00EA94BD /* SimpleTestEntry.cpp in Sources */,
				3E2A1CDD199C541B00EA94BD /* SimpleTestClass.cpp in Sources */,
			);
			runOnlyForDeploymentPostprocessing = 0;
		};
/* End PBXSourcesBuildPhase section */

/* Begin XCBuildConfiguration section */
		3E2A1CCC199C519600EA94BD /* Debug */ = {
			isa = XCBuildConfiguration;
			buildSettings = {
				ALWAYS_SEARCH_USER_PATHS = NO;
				CLANG_CXX_LANGUAGE_STANDARD = "gnu++0x";
				CLANG_CXX_LIBRARY = "libc++";
				CLANG_ENABLE_MODULES = YES;
				CLANG_ENABLE_OBJC_ARC = YES;
				CLANG_WARN_BOOL_CONVERSION = YES;
				CLANG_WARN_CONSTANT_CONVERSION = YES;
				CLANG_WARN_DIRECT_OBJC_ISA_USAGE = YES_ERROR;
				CLANG_WARN_EMPTY_BODY = YES;
				CLANG_WARN_ENUM_CONVERSION = YES;
				CLANG_WARN_INT_CONVERSION = YES;
				CLANG_WARN_OBJC_ROOT_CLASS = YES_ERROR;
				CLANG_WARN__DUPLICATE_METHOD_MATCH = YES;
				COPY_PHASE_STRIP = NO;
				GCC_C_LANGUAGE_STANDARD = gnu99;
				GCC_DYNAMIC_NO_PIC = NO;
				GCC_ENABLE_OBJC_EXCEPTIONS = YES;
				GCC_OPTIMIZATION_LEVEL = 0;
				GCC_PREPROCESSOR_DEFINITIONS = (
					"DEBUG=1",
					"$(inherited)",
				);
				GCC_SYMBOLS_PRIVATE_EXTERN = NO;
				GCC_WARN_64_TO_32_BIT_CONVERSION = YES;
				GCC_WARN_ABOUT_RETURN_TYPE = YES_ERROR;
				GCC_WARN_UNDECLARED_SELECTOR = YES;
				GCC_WARN_UNINITIALIZED_AUTOS = YES_AGGRESSIVE;
				GCC_WARN_UNUSED_FUNCTION = YES;
				GCC_WARN_UNUSED_VARIABLE = YES;
				HEADER_SEARCH_PATHS = (
					"$(inherited)",
					/Applications/Xcode.app/Contents/Developer/Toolchains/XcodeDefault.xctoolchain/usr/include,
					/opt/local/include,
				);
				LIBRARY_SEARCH_PATHS = /opt/local/lib;
				MACOSX_DEPLOYMENT_TARGET = 10.9;
				ONLY_ACTIVE_ARCH = YES;
				SDKROOT = macosx;
			};
			name = Debug;
		};
		3E2A1CCD199C519600EA94BD /* Release */ = {
			isa = XCBuildConfiguration;
			buildSettings = {
				ALWAYS_SEARCH_USER_PATHS = NO;
				CLANG_CXX_LANGUAGE_STANDARD = "gnu++0x";
				CLANG_CXX_LIBRARY = "libc++";
				CLANG_ENABLE_MODULES = YES;
				CLANG_ENABLE_OBJC_ARC = YES;
				CLANG_WARN_BOOL_CONVERSION = YES;
				CLANG_WARN_CONSTANT_CONVERSION = YES;
				CLANG_WARN_DIRECT_OBJC_ISA_USAGE = YES_ERROR;
				CLANG_WARN_EMPTY_BODY = YES;
				CLANG_WARN_ENUM_CONVERSION = YES;
				CLANG_WARN_INT_CONVERSION = YES;
				CLANG_WARN_OBJC_ROOT_CLASS = YES_ERROR;
				CLANG_WARN__DUPLICATE_METHOD_MATCH = YES;
				COPY_PHASE_STRIP = YES;
				DEBUG_INFORMATION_FORMAT = "dwarf-with-dsym";
				ENABLE_NS_ASSERTIONS = NO;
				GCC_C_LANGUAGE_STANDARD = gnu99;
				GCC_ENABLE_OBJC_EXCEPTIONS = YES;
				GCC_WARN_64_TO_32_BIT_CONVERSION = YES;
				GCC_WARN_ABOUT_RETURN_TYPE = YES_ERROR;
				GCC_WARN_UNDECLARED_SELECTOR = YES;
				GCC_WARN_UNINITIALIZED_AUTOS = YES_AGGRESSIVE;
				GCC_WARN_UNUSED_FUNCTION = YES;
				GCC_WARN_UNUSED_VARIABLE = YES;
				HEADER_SEARCH_PATHS = (
					"$(inherited)",
					/Applications/Xcode.app/Contents/Developer/Toolchains/XcodeDefault.xctoolchain/usr/include,
					/opt/local/include,
				);
				LIBRARY_SEARCH_PATHS = /opt/local/lib;
				MACOSX_DEPLOYMENT_TARGET = 10.9;
				SDKROOT = macosx;
			};
			name = Release;
		};
		3E2A1CCF199C519600EA94BD /* Debug */ = {
			isa = XCBuildConfiguration;
			buildSettings = {
				EXECUTABLE_PREFIX = lib;
				LIBRARY_SEARCH_PATHS = (
					"$(inherited)",
					"$(USER_LIBRARY_DIR)/Developer/Xcode/DerivedData/MuddledManaged-fhcntcbsdobvamdjdfrjukhvkkge/Build/Products/Debug",
					/opt/local/lib,
				);
				PRODUCT_NAME = "$(TARGET_NAME)";
			};
			name = Debug;
		};
		3E2A1CD0199C519600EA94BD /* Release */ = {
			isa = XCBuildConfiguration;
			buildSettings = {
				EXECUTABLE_PREFIX = lib;
				LIBRARY_SEARCH_PATHS = (
					"$(inherited)",
					"$(USER_LIBRARY_DIR)/Developer/Xcode/DerivedData/MuddledManaged-fhcntcbsdobvamdjdfrjukhvkkge/Build/Products/Debug",
					/opt/local/lib,
				);
				PRODUCT_NAME = "$(TARGET_NAME)";
			};
			name = Release;
		};
/* End XCBuildConfiguration section */

/* Begin XCConfigurationList section */
		3E2A1CC5199C519600EA94BD /* Build configuration list for PBXProject "SimpleTestExtension" */ = {
			isa = XCConfigurationList;
			buildConfigurations = (
				3E2A1CCC199C519600EA94BD /* Debug */,
				3E2A1CCD199C519600EA94BD /* Release */,
			);
			defaultConfigurationIsVisible = 0;
			defaultConfigurationName = Release;
		};
		3E2A1CCE199C519600EA94BD /* Build configuration list for PBXNativeTarget "SimpleTestExtension" */ = {
			isa = XCConfigurationList;
			buildConfigurations = (
				3E2A1CCF199C519600EA94BD /* Debug */,
				3E2A1CD0199C519600EA94BD /* Release */,
			);
			defaultConfigurationIsVisible = 0;
			defaultConfigurationName = Release;
		};
/* End XCConfigurationList section */
	};
	rootObject = 3E2A1CC2199C519600EA94BD /* Project object */;
}
